
Microsoft Visual Studio Solution File, Format Version 12.00
# Visual Studio Version 16
VisualStudioVersion = 16.0.28803.156
MinimumVisualStudioVersion = 10.0.40219.1
Project("{2150E333-8FDC-42A3-9474-1A3956D46DE8}") = "1 - Layers", "1 - Layers", "{ED16F790-419C-47D4-8B22-459A1769CD0E}"
EndProject
Project("{2150E333-8FDC-42A3-9474-1A3956D46DE8}") = "1.0 - Client SDK", "1.0 - Client SDK", "{349D49E5-D4ED-4C3F-8949-7D64EF1461E3}"
EndProject
Project("{2150E333-8FDC-42A3-9474-1A3956D46DE8}") = "1.1 - Presentation", "1.1 - Presentation", "{5F333572-90DC-4F4C-8318-8FB50F53B0BC}"
EndProject
Project("{2150E333-8FDC-42A3-9474-1A3956D46DE8}") = "1.2 - Application", "1.2 - Application", "{E1C87FA5-769D-4766-92A2-0B655BA1377C}"
EndProject
Project("{2150E333-8FDC-42A3-9474-1A3956D46DE8}") = "1.3 - Domain", "1.3 - Domain", "{B6CBE8A4-CC3B-4D75-9548-EB0A14EB5B50}"
EndProject
Project("{2150E333-8FDC-42A3-9474-1A3956D46DE8}") = "1.4 - Data", "1.4 - Data", "{E6D8D3FE-B34A-44DE-A766-4102B4CCA47E}"
EndProject
Project("{2150E333-8FDC-42A3-9474-1A3956D46DE8}") = "1.5 - Infrastructure", "1.5 - Infrastructure", "{A17887D1-8833-429B-B3E1-E59AD2EEF119}"
EndProject
Project("{9A19103F-16F7-4668-BE54-9A1E7A4F7556}") = "DevProfile.Domain.Model", "DevProfile.Domain.Model\DevProfile.Domain.Model.csproj", "{1303C2AF-9BA1-4E04-BE72-3CB2AD81D65C}"
EndProject
Project("{9A19103F-16F7-4668-BE54-9A1E7A4F7556}") = "DevProfile.Domain.Core", "DevProfile.Domain.Core\DevProfile.Domain.Core.csproj", "{DDB3D779-3328-4B8B-BDB0-C7082EB17827}"
EndProject
Project("{9A19103F-16F7-4668-BE54-9A1E7A4F7556}") = "DevProfile.Domain.Services", "DevProfile.Domain.Services\DevProfile.Domain.Services.csproj", "{2A2B2FFB-8897-4DE2-A8E6-FC6517B0FE9E}"
EndProject
Project("{9A19103F-16F7-4668-BE54-9A1E7A4F7556}") = "DevProfile.Data.Repository", "DevProfile.Data.Repository\DevProfile.Data.Repository.csproj", "{3745A9F6-E6FF-40F3-A29A-06746E6976A5}"
EndProject
Project("{9A19103F-16F7-4668-BE54-9A1E7A4F7556}") = "DevProfile.WebAPI", "DevProfile.WebAPI\DevProfile.WebAPI.csproj", "{9CAC9967-7FCD-4752-AF5F-3B63E173551D}"
EndProject
Project("{9A19103F-16F7-4668-BE54-9A1E7A4F7556}") = "DevProfile.Application.DTO", "DevProfile.Application.DTO\DevProfile.Application.DTO.csproj", "{1FA983AA-2CCE-4CAF-9722-51321891FBBD}"
EndProject
Project("{9A19103F-16F7-4668-BE54-9A1E7A4F7556}") = "DevProfile.Application.Services", "DevProfile.Application.Services\DevProfile.Application.Services.csproj", "{5A6C2EBD-F110-44C5-92AA-6E557B5F7B96}"
EndProject
Project("{2150E333-8FDC-42A3-9474-1A3956D46DE8}") = "CrossCutting", "CrossCutting", "{42523DCC-4ACF-4EB0-910B-11596A7030B9}"
EndProject
Project("{9A19103F-16F7-4668-BE54-9A1E7A4F7556}") = "DevProfile.Infrastructure.CrossCutting.IOC", "DevProfile.Infrastructure.CrossCutting.IOC\DevProfile.Infrastructure.CrossCutting.IOC.csproj", "{5EC832F5-D67D-4DB3-A105-CA2C6CD97CD1}"
EndProject
Project("{2150E333-8FDC-42A3-9474-1A3956D46DE8}") = "DataBase", "DataBase", "{8B0B11F9-775E-4440-9608-B48A8AA75C5B}"
EndProject
Project("{9A19103F-16F7-4668-BE54-9A1E7A4F7556}") = "DevProfile.Infrastructure.DataBase.DevProfileDB", "DevProfile.Infrastructure.DataBase.DevProfileDB\DevProfile.Infrastructure.DataBase.DevProfileDB.csproj", "{C5110E68-D268-45F0-BC8A-10C722A4946C}"
EndProject
Project("{9A19103F-16F7-4668-BE54-9A1E7A4F7556}") = "DevProfile.Infrastructure.CrossCutting.Extension", "DevProfile.Infrastructure.CrossCutting.Extension\DevProfile.Infrastructure.CrossCutting.Extension.csproj", "{66F1DBFB-7862-4CA2-BF7E-EB1C4172B3EF}"
EndProject
Global
	GlobalSection(SolutionConfigurationPlatforms) = preSolution
		Debug|Any CPU = Debug|Any CPU
		Release|Any CPU = Release|Any CPU
	EndGlobalSection
	GlobalSection(ProjectConfigurationPlatforms) = postSolution
		{1303C2AF-9BA1-4E04-BE72-3CB2AD81D65C}.Debug|Any CPU.ActiveCfg = Debug|Any CPU
		{1303C2AF-9BA1-4E04-BE72-3CB2AD81D65C}.Debug|Any CPU.Build.0 = Debug|Any CPU
		{1303C2AF-9BA1-4E04-BE72-3CB2AD81D65C}.Release|Any CPU.ActiveCfg = Release|Any CPU
		{1303C2AF-9BA1-4E04-BE72-3CB2AD81D65C}.Release|Any CPU.Build.0 = Release|Any CPU
		{DDB3D779-3328-4B8B-BDB0-C7082EB17827}.Debug|Any CPU.ActiveCfg = Debug|Any CPU
		{DDB3D779-3328-4B8B-BDB0-C7082EB17827}.Debug|Any CPU.Build.0 = Debug|Any CPU
		{DDB3D779-3328-4B8B-BDB0-C7082EB17827}.Release|Any CPU.ActiveCfg = Release|Any CPU
		{DDB3D779-3328-4B8B-BDB0-C7082EB17827}.Release|Any CPU.Build.0 = Release|Any CPU
		{2A2B2FFB-8897-4DE2-A8E6-FC6517B0FE9E}.Debug|Any CPU.ActiveCfg = Debug|Any CPU
		{2A2B2FFB-8897-4DE2-A8E6-FC6517B0FE9E}.Debug|Any CPU.Build.0 = Debug|Any CPU
		{2A2B2FFB-8897-4DE2-A8E6-FC6517B0FE9E}.Release|Any CPU.ActiveCfg = Release|Any CPU
		{2A2B2FFB-8897-4DE2-A8E6-FC6517B0FE9E}.Release|Any CPU.Build.0 = Release|Any CPU
		{3745A9F6-E6FF-40F3-A29A-06746E6976A5}.Debug|Any CPU.ActiveCfg = Debug|Any CPU
		{3745A9F6-E6FF-40F3-A29A-06746E6976A5}.Debug|Any CPU.Build.0 = Debug|Any CPU
		{3745A9F6-E6FF-40F3-A29A-06746E6976A5}.Release|Any CPU.ActiveCfg = Release|Any CPU
		{3745A9F6-E6FF-40F3-A29A-06746E6976A5}.Release|Any CPU.Build.0 = Release|Any CPU
		{9CAC9967-7FCD-4752-AF5F-3B63E173551D}.Debug|Any CPU.ActiveCfg = Debug|Any CPU
		{9CAC9967-7FCD-4752-AF5F-3B63E173551D}.Debug|Any CPU.Build.0 = Debug|Any CPU
		{9CAC9967-7FCD-4752-AF5F-3B63E173551D}.Release|Any CPU.ActiveCfg = Release|Any CPU
		{9CAC9967-7FCD-4752-AF5F-3B63E173551D}.Release|Any CPU.Build.0 = Release|Any CPU
		{1FA983AA-2CCE-4CAF-9722-51321891FBBD}.Debug|Any CPU.ActiveCfg = Debug|Any CPU
		{1FA983AA-2CCE-4CAF-9722-51321891FBBD}.Debug|Any CPU.Build.0 = Debug|Any CPU
		{1FA983AA-2CCE-4CAF-9722-51321891FBBD}.Release|Any CPU.ActiveCfg = Release|Any CPU
		{1FA983AA-2CCE-4CAF-9722-51321891FBBD}.Release|Any CPU.Build.0 = Release|Any CPU
		{5A6C2EBD-F110-44C5-92AA-6E557B5F7B96}.Debug|Any CPU.ActiveCfg = Debug|Any CPU
		{5A6C2EBD-F110-44C5-92AA-6E557B5F7B96}.Debug|Any CPU.Build.0 = Debug|Any CPU
		{5A6C2EBD-F110-44C5-92AA-6E557B5F7B96}.Release|Any CPU.ActiveCfg = Release|Any CPU
		{5A6C2EBD-F110-44C5-92AA-6E557B5F7B96}.Release|Any CPU.Build.0 = Release|Any CPU
		{5EC832F5-D67D-4DB3-A105-CA2C6CD97CD1}.Debug|Any CPU.ActiveCfg = Debug|Any CPU
		{5EC832F5-D67D-4DB3-A105-CA2C6CD97CD1}.Debug|Any CPU.Build.0 = Debug|Any CPU
		{5EC832F5-D67D-4DB3-A105-CA2C6CD97CD1}.Release|Any CPU.ActiveCfg = Release|Any CPU
		{5EC832F5-D67D-4DB3-A105-CA2C6CD97CD1}.Release|Any CPU.Build.0 = Release|Any CPU
		{C5110E68-D268-45F0-BC8A-10C722A4946C}.Debug|Any CPU.ActiveCfg = Debug|Any CPU
		{C5110E68-D268-45F0-BC8A-10C722A4946C}.Debug|Any CPU.Build.0 = Debug|Any CPU
		{C5110E68-D268-45F0-BC8A-10C722A4946C}.Release|Any CPU.ActiveCfg = Release|Any CPU
		{C5110E68-D268-45F0-BC8A-10C722A4946C}.Release|Any CPU.Build.0 = Release|Any CPU
		{66F1DBFB-7862-4CA2-BF7E-EB1C4172B3EF}.Debug|Any CPU.ActiveCfg = Debug|Any CPU
		{66F1DBFB-7862-4CA2-BF7E-EB1C4172B3EF}.Debug|Any CPU.Build.0 = Debug|Any CPU
		{66F1DBFB-7862-4CA2-BF7E-EB1C4172B3EF}.Release|Any CPU.ActiveCfg = Release|Any CPU
		{66F1DBFB-7862-4CA2-BF7E-EB1C4172B3EF}.Release|Any CPU.Build.0 = Release|Any CPU
	EndGlobalSection
	GlobalSection(SolutionProperties) = preSolution
		HideSolutionNode = FALSE
	EndGlobalSection
	GlobalSection(NestedProjects) = preSolution
		{349D49E5-D4ED-4C3F-8949-7D64EF1461E3} = {ED16F790-419C-47D4-8B22-459A1769CD0E}
		{5F333572-90DC-4F4C-8318-8FB50F53B0BC} = {ED16F790-419C-47D4-8B22-459A1769CD0E}
		{E1C87FA5-769D-4766-92A2-0B655BA1377C} = {ED16F790-419C-47D4-8B22-459A1769CD0E}
		{B6CBE8A4-CC3B-4D75-9548-EB0A14EB5B50} = {ED16F790-419C-47D4-8B22-459A1769CD0E}
		{E6D8D3FE-B34A-44DE-A766-4102B4CCA47E} = {ED16F790-419C-47D4-8B22-459A1769CD0E}
		{A17887D1-8833-429B-B3E1-E59AD2EEF119} = {ED16F790-419C-47D4-8B22-459A1769CD0E}
		{1303C2AF-9BA1-4E04-BE72-3CB2AD81D65C} = {B6CBE8A4-CC3B-4D75-9548-EB0A14EB5B50}
		{DDB3D779-3328-4B8B-BDB0-C7082EB17827} = {B6CBE8A4-CC3B-4D75-9548-EB0A14EB5B50}
		{2A2B2FFB-8897-4DE2-A8E6-FC6517B0FE9E} = {B6CBE8A4-CC3B-4D75-9548-EB0A14EB5B50}
		{3745A9F6-E6FF-40F3-A29A-06746E6976A5} = {E6D8D3FE-B34A-44DE-A766-4102B4CCA47E}
		{9CAC9967-7FCD-4752-AF5F-3B63E173551D} = {5F333572-90DC-4F4C-8318-8FB50F53B0BC}
		{1FA983AA-2CCE-4CAF-9722-51321891FBBD} = {E1C87FA5-769D-4766-92A2-0B655BA1377C}
		{5A6C2EBD-F110-44C5-92AA-6E557B5F7B96} = {E1C87FA5-769D-4766-92A2-0B655BA1377C}
		{42523DCC-4ACF-4EB0-910B-11596A7030B9} = {A17887D1-8833-429B-B3E1-E59AD2EEF119}
		{5EC832F5-D67D-4DB3-A105-CA2C6CD97CD1} = {42523DCC-4ACF-4EB0-910B-11596A7030B9}
		{8B0B11F9-775E-4440-9608-B48A8AA75C5B} = {A17887D1-8833-429B-B3E1-E59AD2EEF119}
		{C5110E68-D268-45F0-BC8A-10C722A4946C} = {8B0B11F9-775E-4440-9608-B48A8AA75C5B}
		{66F1DBFB-7862-4CA2-BF7E-EB1C4172B3EF} = {42523DCC-4ACF-4EB0-910B-11596A7030B9}
	EndGlobalSection
	GlobalSection(ExtensibilityGlobals) = postSolution
		SolutionGuid = {70128008-923C-44B4-B397-472DFB25584A}
	EndGlobalSection
EndGlobal
